
Microsoft Visual Studio Solution File, Format Version 12.00
# Visual Studio Version 17
VisualStudioVersion = 17.9.34622.214
MinimumVisualStudioVersion = 10.0.40219.1
Project("{2150E333-8FDC-42A3-9474-1A3956D46DE8}") = "API", "API", "{133664D3-F97E-412C-9FBA-C69020C3FFB0}"
EndProject
Project("{2150E333-8FDC-42A3-9474-1A3956D46DE8}") = "Modules", "Modules", "{1B41D7E1-3BFA-4E10-8739-30A1E42D7BFA}"
EndProject
Project("{2150E333-8FDC-42A3-9474-1A3956D46DE8}") = "CoreWebApis", "CoreWebApis", "{4F1A4920-6FC6-4B89-868A-2E0DF91D9170}"
EndProject
Project("{9A19103F-16F7-4668-BE54-9A1E7A4F7556}") = "CoreWebApis", "API\CoreWebApis\CoreWebApis.csproj", "{9DAF4B16-DCF8-4F33-8061-52330216B0E8}"
EndProject
Project("{2150E333-8FDC-42A3-9474-1A3956D46DE8}") = "Home", "Home", "{07AE9480-4BB9-4322-A8BB-41002A752CE3}"
EndProject
Project("{2150E333-8FDC-42A3-9474-1A3956D46DE8}") = "Login", "Login", "{26A283D5-AFCE-4C0A-9462-757E456871E1}"
EndProject
Project("{2150E333-8FDC-42A3-9474-1A3956D46DE8}") = "Base", "Base", "{2996EFC7-AAE9-4071-809A-F5881802A502}"
EndProject
Project("{9A19103F-16F7-4668-BE54-9A1E7A4F7556}") = "CoreWebApis.Modules.Base.BL", "Modules\Base\CoreWebApis.Modules.Base.BL\CoreWebApis.Modules.Base.BL.csproj", "{D5F3FF8A-4221-4588-BCDF-7C4AE1099D57}"
EndProject
Project("{9A19103F-16F7-4668-BE54-9A1E7A4F7556}") = "CoreWebApis.Modules.Base.DL", "Modules\Base\CoreWebApis.Modules.Base.DL\CoreWebApis.Modules.Base.DL.csproj", "{A6AD02EC-F2CE-4305-B4A7-5B4BEF7BD4C3}"
EndProject
Project("{9A19103F-16F7-4668-BE54-9A1E7A4F7556}") = "CoreWebApis.Modules.Base.Model", "Modules\Base\CoreWebApis.Modules.Base.Model\CoreWebApis.Modules.Base.Model.csproj", "{92C6B7E8-38D9-48A0-9BCE-B0D40BB21051}"
EndProject
Project("{9A19103F-16F7-4668-BE54-9A1E7A4F7556}") = "CoreWebApis.Modules.Home.BL", "Modules\Home\CoreWebApis.Modules.Home.BL\CoreWebApis.Modules.Home.BL.csproj", "{415F78C2-EAE1-48B2-87FB-ED4A3D006F71}"
EndProject
Project("{9A19103F-16F7-4668-BE54-9A1E7A4F7556}") = "CoreWebApis.Modules.Home.DL", "Modules\Home\CoreWebApis.Modules.Home.DL\CoreWebApis.Modules.Home.DL.csproj", "{59C9CC36-2D8B-46F7-9C10-8CD30D4C558D}"
EndProject
Project("{9A19103F-16F7-4668-BE54-9A1E7A4F7556}") = "CoreWebApis.Modules.Home.Model", "Modules\Home\CoreWebApis.Modules.Home.Model\CoreWebApis.Modules.Home.Model.csproj", "{BF985B59-CC00-4520-8D42-948E63BC9472}"
EndProject
Project("{9A19103F-16F7-4668-BE54-9A1E7A4F7556}") = "CoreWebApis.Modules.Login.BL", "Modules\Login\CoreWebApis.Modules.Login.BL\CoreWebApis.Modules.Login.BL.csproj", "{CF4654A9-EB0C-4891-B48A-C7CDA34DD78B}"
EndProject
Project("{9A19103F-16F7-4668-BE54-9A1E7A4F7556}") = "CoreWebApis.Modules.Login.DL", "Modules\Login\CoreWebApis.Modules.Login.DL\CoreWebApis.Modules.Login.DL.csproj", "{9177FF79-3826-4554-9056-6D358EDBCFA5}"
EndProject
Project("{9A19103F-16F7-4668-BE54-9A1E7A4F7556}") = "CoreWebApis.Modules.Login.Model", "Modules\Login\CoreWebApis.Modules.Login.Model\CoreWebApis.Modules.Login.Model.csproj", "{71A4E9BB-013B-4F9F-B677-A08A54D8AD11}"
EndProject
Project("{2150E333-8FDC-42A3-9474-1A3956D46DE8}") = "Web", "Web", "{3164A594-677C-410B-A468-2E2A41B50DEC}"
EndProject
Project("{9A19103F-16F7-4668-BE54-9A1E7A4F7556}") = "Website", "Website\Website.csproj", "{9DF10398-A75D-4227-910E-1814DDCCCF11}"
EndProject
Project("{2150E333-8FDC-42A3-9474-1A3956D46DE8}") = "Mobile", "Mobile", "{6A2D84AC-816D-454E-BDE8-E87093CF8657}"
EndProject
Project("{FAE04EC0-301F-11D3-BF4B-00C04F79EFBC}") = "MobileApp", "MobileApp\MobileApp.csproj", "{B9700400-817D-44DC-B3B6-E49FB050C351}"
EndProject
Global
	GlobalSection(SolutionConfigurationPlatforms) = preSolution
		Debug|Any CPU = Debug|Any CPU
		Release|Any CPU = Release|Any CPU
	EndGlobalSection
	GlobalSection(ProjectConfigurationPlatforms) = postSolution
		{9DAF4B16-DCF8-4F33-8061-52330216B0E8}.Debug|Any CPU.ActiveCfg = Debug|Any CPU
		{9DAF4B16-DCF8-4F33-8061-52330216B0E8}.Debug|Any CPU.Build.0 = Debug|Any CPU
		{9DAF4B16-DCF8-4F33-8061-52330216B0E8}.Release|Any CPU.ActiveCfg = Release|Any CPU
		{9DAF4B16-DCF8-4F33-8061-52330216B0E8}.Release|Any CPU.Build.0 = Release|Any CPU
		{D5F3FF8A-4221-4588-BCDF-7C4AE1099D57}.Debug|Any CPU.ActiveCfg = Debug|Any CPU
		{D5F3FF8A-4221-4588-BCDF-7C4AE1099D57}.Debug|Any CPU.Build.0 = Debug|Any CPU
		{D5F3FF8A-4221-4588-BCDF-7C4AE1099D57}.Release|Any CPU.ActiveCfg = Release|Any CPU
		{D5F3FF8A-4221-4588-BCDF-7C4AE1099D57}.Release|Any CPU.Build.0 = Release|Any CPU
		{A6AD02EC-F2CE-4305-B4A7-5B4BEF7BD4C3}.Debug|Any CPU.ActiveCfg = Debug|Any CPU
		{A6AD02EC-F2CE-4305-B4A7-5B4BEF7BD4C3}.Debug|Any CPU.Build.0 = Debug|Any CPU
		{A6AD02EC-F2CE-4305-B4A7-5B4BEF7BD4C3}.Release|Any CPU.ActiveCfg = Release|Any CPU
		{A6AD02EC-F2CE-4305-B4A7-5B4BEF7BD4C3}.Release|Any CPU.Build.0 = Release|Any CPU
		{92C6B7E8-38D9-48A0-9BCE-B0D40BB21051}.Debug|Any CPU.ActiveCfg = Debug|Any CPU
		{92C6B7E8-38D9-48A0-9BCE-B0D40BB21051}.Debug|Any CPU.Build.0 = Debug|Any CPU
		{92C6B7E8-38D9-48A0-9BCE-B0D40BB21051}.Release|Any CPU.ActiveCfg = Release|Any CPU
		{92C6B7E8-38D9-48A0-9BCE-B0D40BB21051}.Release|Any CPU.Build.0 = Release|Any CPU
		{415F78C2-EAE1-48B2-87FB-ED4A3D006F71}.Debug|Any CPU.ActiveCfg = Debug|Any CPU
		{415F78C2-EAE1-48B2-87FB-ED4A3D006F71}.Debug|Any CPU.Build.0 = Debug|Any CPU
		{415F78C2-EAE1-48B2-87FB-ED4A3D006F71}.Release|Any CPU.ActiveCfg = Release|Any CPU
		{415F78C2-EAE1-48B2-87FB-ED4A3D006F71}.Release|Any CPU.Build.0 = Release|Any CPU
		{59C9CC36-2D8B-46F7-9C10-8CD30D4C558D}.Debug|Any CPU.ActiveCfg = Debug|Any CPU
		{59C9CC36-2D8B-46F7-9C10-8CD30D4C558D}.Debug|Any CPU.Build.0 = Debug|Any CPU
		{59C9CC36-2D8B-46F7-9C10-8CD30D4C558D}.Release|Any CPU.ActiveCfg = Release|Any CPU
		{59C9CC36-2D8B-46F7-9C10-8CD30D4C558D}.Release|Any CPU.Build.0 = Release|Any CPU
		{BF985B59-CC00-4520-8D42-948E63BC9472}.Debug|Any CPU.ActiveCfg = Debug|Any CPU
		{BF985B59-CC00-4520-8D42-948E63BC9472}.Debug|Any CPU.Build.0 = Debug|Any CPU
		{BF985B59-CC00-4520-8D42-948E63BC9472}.Release|Any CPU.ActiveCfg = Release|Any CPU
		{BF985B59-CC00-4520-8D42-948E63BC9472}.Release|Any CPU.Build.0 = Release|Any CPU
		{CF4654A9-EB0C-4891-B48A-C7CDA34DD78B}.Debug|Any CPU.ActiveCfg = Debug|Any CPU
		{CF4654A9-EB0C-4891-B48A-C7CDA34DD78B}.Debug|Any CPU.Build.0 = Debug|Any CPU
		{CF4654A9-EB0C-4891-B48A-C7CDA34DD78B}.Release|Any CPU.ActiveCfg = Release|Any CPU
		{CF4654A9-EB0C-4891-B48A-C7CDA34DD78B}.Release|Any CPU.Build.0 = Release|Any CPU
		{9177FF79-3826-4554-9056-6D358EDBCFA5}.Debug|Any CPU.ActiveCfg = Debug|Any CPU
		{9177FF79-3826-4554-9056-6D358EDBCFA5}.Debug|Any CPU.Build.0 = Debug|Any CPU
		{9177FF79-3826-4554-9056-6D358EDBCFA5}.Release|Any CPU.ActiveCfg = Release|Any CPU
		{9177FF79-3826-4554-9056-6D358EDBCFA5}.Release|Any CPU.Build.0 = Release|Any CPU
		{71A4E9BB-013B-4F9F-B677-A08A54D8AD11}.Debug|Any CPU.ActiveCfg = Debug|Any CPU
		{71A4E9BB-013B-4F9F-B677-A08A54D8AD11}.Debug|Any CPU.Build.0 = Debug|Any CPU
		{71A4E9BB-013B-4F9F-B677-A08A54D8AD11}.Release|Any CPU.ActiveCfg = Release|Any CPU
		{71A4E9BB-013B-4F9F-B677-A08A54D8AD11}.Release|Any CPU.Build.0 = Release|Any CPU
		{9DF10398-A75D-4227-910E-1814DDCCCF11}.Debug|Any CPU.ActiveCfg = Debug|Any CPU
		{9DF10398-A75D-4227-910E-1814DDCCCF11}.Debug|Any CPU.Build.0 = Debug|Any CPU
		{9DF10398-A75D-4227-910E-1814DDCCCF11}.Release|Any CPU.ActiveCfg = Release|Any CPU
		{9DF10398-A75D-4227-910E-1814DDCCCF11}.Release|Any CPU.Build.0 = Release|Any CPU
		{B9700400-817D-44DC-B3B6-E49FB050C351}.Debug|Any CPU.ActiveCfg = Debug|Any CPU
		{B9700400-817D-44DC-B3B6-E49FB050C351}.Debug|Any CPU.Build.0 = Debug|Any CPU
		{B9700400-817D-44DC-B3B6-E49FB050C351}.Debug|Any CPU.Deploy.0 = Debug|Any CPU
		{B9700400-817D-44DC-B3B6-E49FB050C351}.Release|Any CPU.ActiveCfg = Release|Any CPU
		{B9700400-817D-44DC-B3B6-E49FB050C351}.Release|Any CPU.Build.0 = Release|Any CPU
		{B9700400-817D-44DC-B3B6-E49FB050C351}.Release|Any CPU.Deploy.0 = Release|Any CPU
	EndGlobalSection
	GlobalSection(SolutionProperties) = preSolution
		HideSolutionNode = FALSE
	EndGlobalSection
	GlobalSection(NestedProjects) = preSolution
		{4F1A4920-6FC6-4B89-868A-2E0DF91D9170} = {133664D3-F97E-412C-9FBA-C69020C3FFB0}
		{9DAF4B16-DCF8-4F33-8061-52330216B0E8} = {4F1A4920-6FC6-4B89-868A-2E0DF91D9170}
		{07AE9480-4BB9-4322-A8BB-41002A752CE3} = {1B41D7E1-3BFA-4E10-8739-30A1E42D7BFA}
		{26A283D5-AFCE-4C0A-9462-757E456871E1} = {1B41D7E1-3BFA-4E10-8739-30A1E42D7BFA}
		{2996EFC7-AAE9-4071-809A-F5881802A502} = {1B41D7E1-3BFA-4E10-8739-30A1E42D7BFA}
		{D5F3FF8A-4221-4588-BCDF-7C4AE1099D57} = {2996EFC7-AAE9-4071-809A-F5881802A502}
		{A6AD02EC-F2CE-4305-B4A7-5B4BEF7BD4C3} = {2996EFC7-AAE9-4071-809A-F5881802A502}
		{92C6B7E8-38D9-48A0-9BCE-B0D40BB21051} = {2996EFC7-AAE9-4071-809A-F5881802A502}
		{415F78C2-EAE1-48B2-87FB-ED4A3D006F71} = {07AE9480-4BB9-4322-A8BB-41002A752CE3}
		{59C9CC36-2D8B-46F7-9C10-8CD30D4C558D} = {07AE9480-4BB9-4322-A8BB-41002A752CE3}
		{BF985B59-CC00-4520-8D42-948E63BC9472} = {07AE9480-4BB9-4322-A8BB-41002A752CE3}
		{CF4654A9-EB0C-4891-B48A-C7CDA34DD78B} = {26A283D5-AFCE-4C0A-9462-757E456871E1}
		{9177FF79-3826-4554-9056-6D358EDBCFA5} = {26A283D5-AFCE-4C0A-9462-757E456871E1}
		{71A4E9BB-013B-4F9F-B677-A08A54D8AD11} = {26A283D5-AFCE-4C0A-9462-757E456871E1}
		{9DF10398-A75D-4227-910E-1814DDCCCF11} = {3164A594-677C-410B-A468-2E2A41B50DEC}
		{B9700400-817D-44DC-B3B6-E49FB050C351} = {6A2D84AC-816D-454E-BDE8-E87093CF8657}
	EndGlobalSection
	GlobalSection(ExtensibilityGlobals) = postSolution
		SolutionGuid = {8A1A84A6-92F5-44A9-9F89-9E8D9A518128}
	EndGlobalSection
EndGlobal
